
Microsoft Visual Studio Solution File, Format Version 12.00
# Visual Studio Version 16
VisualStudioVersion = 16.0.29911.84
MinimumVisualStudioVersion = 10.0.40219.1
Project("{FAE04EC0-301F-11D3-BF4B-00C04F79EFBC}") = "Excercises", "Excercises\Excercises.csproj", "{3A23E574-89D8-4E46-9DC2-6085DE4F6E84}"
EndProject
Global
	GlobalSection(SolutionConfigurationPlatforms) = preSolution
		Debug|Any CPU = Debug|Any CPU
		Release|Any CPU = Release|Any CPU
	EndGlobalSection
	GlobalSection(ProjectConfigurationPlatforms) = postSolution
		{3A23E574-89D8-4E46-9DC2-6085DE4F6E84}.Debug|Any CPU.ActiveCfg = Debug|Any CPU
		{3A23E574-89D8-4E46-9DC2-6085DE4F6E84}.Debug|Any CPU.Build.0 = Debug|Any CPU
		{3A23E574-89D8-4E46-9DC2-6085DE4F6E84}.Release|Any CPU.ActiveCfg = Release|Any CPU
		{3A23E574-89D8-4E46-9DC2-6085DE4F6E84}.Release|Any CPU.Build.0 = Release|Any CPU
	EndGlobalSection
	GlobalSection(SolutionProperties) = preSolution
		HideSolutionNode = FALSE
	EndGlobalSection
	GlobalSection(ExtensibilityGlobals) = postSolution
		SolutionGuid = {254E25CC-4733-4B36-9A27-65648D714078}
	EndGlobalSection
EndGlobal
